
Microsoft Visual Studio Solution File, Format Version 12.00
# Visual Studio Version 16
VisualStudioVersion = 16.0.33130.400
MinimumVisualStudioVersion = 10.0.40219.1
Project("{2150E333-8FDC-42A3-9474-1A3956D46DE8}") = "Unit18.1", "Unit18.1", "{AB12C6F2-1B4B-460D-A9A7-AA8E4BAD078C}"
EndProject
Project("{FAE04EC0-301F-11D3-BF4B-00C04F79EFBC}") = "BuilderExample", "Unit18\Unit18.1\BuilderExample\BuilderExample.csproj", "{B0000537-2C50-4D7A-A1BC-B64C90C5F2C0}"
EndProject
Project("{FAE04EC0-301F-11D3-BF4B-00C04F79EFBC}") = "BuilderRealExample", "Unit18\Unit18.1\BuilderRealExample\BuilderRealExample.csproj", "{5F5647B9-3FF9-4649-883F-92A8A2B2A949}"
EndProject
Project("{FAE04EC0-301F-11D3-BF4B-00C04F79EFBC}") = "BuilderTask", "Unit18\Unit18.1\BuilderTask\BuilderTask.csproj", "{400E579A-5FFE-4ADD-A21A-A34FC6A179DD}"
EndProject
Project("{FAE04EC0-301F-11D3-BF4B-00C04F79EFBC}") = "PrototypeExample", "Unit18\Unit18.1\PrototypeExample\PrototypeExample.csproj", "{C2C5E6AB-99DF-48A5-8F74-352AC5226452}"
EndProject
Project("{FAE04EC0-301F-11D3-BF4B-00C04F79EFBC}") = "PrototypeRealExample", "Unit18\Unit18.1\PrototypeRealExample\PrototypeRealExample.csproj", "{FADFBC18-BDC7-4600-91ED-3A955964CEE8}"
EndProject
Project("{FAE04EC0-301F-11D3-BF4B-00C04F79EFBC}") = "Task.18.1.5", "Unit18\Unit18.1\Task.18.1.5\Task.18.1.5.csproj", "{D3F96E33-F447-4F80-B0F5-7463432621CC}"
EndProject
Project("{2150E333-8FDC-42A3-9474-1A3956D46DE8}") = "Unit18.2", "Unit18.2", "{65957719-FCC1-41E8-8418-A95F16E0D9C6}"
EndProject
Project("{9A19103F-16F7-4668-BE54-9A1E7A4F7556}") = "CommandExample", "Unit18\Unit18.2\CommandExample\CommandExample.csproj", "{26AB0B0D-75AD-4842-85B7-56063C2E09E9}"
EndProject
Project("{9A19103F-16F7-4668-BE54-9A1E7A4F7556}") = "StrategyExample", "Unit18\Unit18.2\StrategyExample\StrategyExample.csproj", "{35D671DB-5BD3-4E35-8CF0-BA73E7247B44}"
EndProject
Project("{9A19103F-16F7-4668-BE54-9A1E7A4F7556}") = "StrategyRealExample", "Unit18\Unit18.2\StrategyRealExample\StrategyRealExample.csproj", "{35C07C28-53B4-4E6E-BB7D-CF1F73D65885}"
EndProject
Project("{9A19103F-16F7-4668-BE54-9A1E7A4F7556}") = "Task18.2.5", "Unit18\Unit18.2\Task18.2.5\Task18.2.5.csproj", "{776E8F15-2A24-401A-8CAB-BC8A56BE7CC3}"
EndProject
Project("{2150E333-8FDC-42A3-9474-1A3956D46DE8}") = "Unit18.3", "Unit18.3", "{CE656AB4-F8A4-44C0-9F46-D47E1ECE4D21}"
EndProject
Project("{FAE04EC0-301F-11D3-BF4B-00C04F79EFBC}") = "Task18.3.7", "Unit18\Unit18.3\Task18.3.7\Task18.3.7.csproj", "{ED13C193-065F-46EC-821D-D4C6A3C9C932}"
EndProject
Project("{FAE04EC0-301F-11D3-BF4B-00C04F79EFBC}") = "Task18.3.8", "Unit18\Unit18.3\Task18.3.8\Task18.3.8.csproj", "{9BDFB9D2-87A2-4BDC-B246-F3FA1DEB91C9}"
EndProject
Project("{2150E333-8FDC-42A3-9474-1A3956D46DE8}") = "Unit18.4.Practice", "Unit18.4.Practice", "{04E5CDC4-3439-4E02-BA37-3F80E64B2D96}"
EndProject
Project("{FAE04EC0-301F-11D3-BF4B-00C04F79EFBC}") = "Task18.4.1.Practice", "Unit18\Unit18.4.Practice\Task18.4.1.Practice\Task18.4.1.Practice.csproj", "{1BF02D34-5903-47AA-B6F9-C2E94CFD5F98}"
EndProject
Global
	GlobalSection(SolutionConfigurationPlatforms) = preSolution
		Debug|Any CPU = Debug|Any CPU
		Release|Any CPU = Release|Any CPU
	EndGlobalSection
	GlobalSection(ProjectConfigurationPlatforms) = postSolution
		{B0000537-2C50-4D7A-A1BC-B64C90C5F2C0}.Debug|Any CPU.ActiveCfg = Debug|Any CPU
		{B0000537-2C50-4D7A-A1BC-B64C90C5F2C0}.Debug|Any CPU.Build.0 = Debug|Any CPU
		{B0000537-2C50-4D7A-A1BC-B64C90C5F2C0}.Release|Any CPU.ActiveCfg = Release|Any CPU
		{B0000537-2C50-4D7A-A1BC-B64C90C5F2C0}.Release|Any CPU.Build.0 = Release|Any CPU
		{5F5647B9-3FF9-4649-883F-92A8A2B2A949}.Debug|Any CPU.ActiveCfg = Debug|Any CPU
		{5F5647B9-3FF9-4649-883F-92A8A2B2A949}.Debug|Any CPU.Build.0 = Debug|Any CPU
		{5F5647B9-3FF9-4649-883F-92A8A2B2A949}.Release|Any CPU.ActiveCfg = Release|Any CPU
		{5F5647B9-3FF9-4649-883F-92A8A2B2A949}.Release|Any CPU.Build.0 = Release|Any CPU
		{400E579A-5FFE-4ADD-A21A-A34FC6A179DD}.Debug|Any CPU.ActiveCfg = Debug|Any CPU
		{400E579A-5FFE-4ADD-A21A-A34FC6A179DD}.Debug|Any CPU.Build.0 = Debug|Any CPU
		{400E579A-5FFE-4ADD-A21A-A34FC6A179DD}.Release|Any CPU.ActiveCfg = Release|Any CPU
		{400E579A-5FFE-4ADD-A21A-A34FC6A179DD}.Release|Any CPU.Build.0 = Release|Any CPU
		{C2C5E6AB-99DF-48A5-8F74-352AC5226452}.Debug|Any CPU.ActiveCfg = Debug|Any CPU
		{C2C5E6AB-99DF-48A5-8F74-352AC5226452}.Debug|Any CPU.Build.0 = Debug|Any CPU
		{C2C5E6AB-99DF-48A5-8F74-352AC5226452}.Release|Any CPU.ActiveCfg = Release|Any CPU
		{C2C5E6AB-99DF-48A5-8F74-352AC5226452}.Release|Any CPU.Build.0 = Release|Any CPU
		{FADFBC18-BDC7-4600-91ED-3A955964CEE8}.Debug|Any CPU.ActiveCfg = Debug|Any CPU
		{FADFBC18-BDC7-4600-91ED-3A955964CEE8}.Debug|Any CPU.Build.0 = Debug|Any CPU
		{FADFBC18-BDC7-4600-91ED-3A955964CEE8}.Release|Any CPU.ActiveCfg = Release|Any CPU
		{FADFBC18-BDC7-4600-91ED-3A955964CEE8}.Release|Any CPU.Build.0 = Release|Any CPU
		{D3F96E33-F447-4F80-B0F5-7463432621CC}.Debug|Any CPU.ActiveCfg = Debug|Any CPU
		{D3F96E33-F447-4F80-B0F5-7463432621CC}.Debug|Any CPU.Build.0 = Debug|Any CPU
		{D3F96E33-F447-4F80-B0F5-7463432621CC}.Release|Any CPU.ActiveCfg = Release|Any CPU
		{D3F96E33-F447-4F80-B0F5-7463432621CC}.Release|Any CPU.Build.0 = Release|Any CPU
		{26AB0B0D-75AD-4842-85B7-56063C2E09E9}.Debug|Any CPU.ActiveCfg = Debug|Any CPU
		{26AB0B0D-75AD-4842-85B7-56063C2E09E9}.Debug|Any CPU.Build.0 = Debug|Any CPU
		{26AB0B0D-75AD-4842-85B7-56063C2E09E9}.Release|Any CPU.ActiveCfg = Release|Any CPU
		{26AB0B0D-75AD-4842-85B7-56063C2E09E9}.Release|Any CPU.Build.0 = Release|Any CPU
		{35D671DB-5BD3-4E35-8CF0-BA73E7247B44}.Debug|Any CPU.ActiveCfg = Debug|Any CPU
		{35D671DB-5BD3-4E35-8CF0-BA73E7247B44}.Debug|Any CPU.Build.0 = Debug|Any CPU
		{35D671DB-5BD3-4E35-8CF0-BA73E7247B44}.Release|Any CPU.ActiveCfg = Release|Any CPU
		{35D671DB-5BD3-4E35-8CF0-BA73E7247B44}.Release|Any CPU.Build.0 = Release|Any CPU
		{35C07C28-53B4-4E6E-BB7D-CF1F73D65885}.Debug|Any CPU.ActiveCfg = Debug|Any CPU
		{35C07C28-53B4-4E6E-BB7D-CF1F73D65885}.Debug|Any CPU.Build.0 = Debug|Any CPU
		{35C07C28-53B4-4E6E-BB7D-CF1F73D65885}.Release|Any CPU.ActiveCfg = Release|Any CPU
		{35C07C28-53B4-4E6E-BB7D-CF1F73D65885}.Release|Any CPU.Build.0 = Release|Any CPU
		{776E8F15-2A24-401A-8CAB-BC8A56BE7CC3}.Debug|Any CPU.ActiveCfg = Debug|Any CPU
		{776E8F15-2A24-401A-8CAB-BC8A56BE7CC3}.Debug|Any CPU.Build.0 = Debug|Any CPU
		{776E8F15-2A24-401A-8CAB-BC8A56BE7CC3}.Release|Any CPU.ActiveCfg = Release|Any CPU
		{776E8F15-2A24-401A-8CAB-BC8A56BE7CC3}.Release|Any CPU.Build.0 = Release|Any CPU
		{ED13C193-065F-46EC-821D-D4C6A3C9C932}.Debug|Any CPU.ActiveCfg = Debug|Any CPU
		{ED13C193-065F-46EC-821D-D4C6A3C9C932}.Debug|Any CPU.Build.0 = Debug|Any CPU
		{ED13C193-065F-46EC-821D-D4C6A3C9C932}.Release|Any CPU.ActiveCfg = Release|Any CPU
		{ED13C193-065F-46EC-821D-D4C6A3C9C932}.Release|Any CPU.Build.0 = Release|Any CPU
		{9BDFB9D2-87A2-4BDC-B246-F3FA1DEB91C9}.Debug|Any CPU.ActiveCfg = Debug|Any CPU
		{9BDFB9D2-87A2-4BDC-B246-F3FA1DEB91C9}.Debug|Any CPU.Build.0 = Debug|Any CPU
		{9BDFB9D2-87A2-4BDC-B246-F3FA1DEB91C9}.Release|Any CPU.ActiveCfg = Release|Any CPU
		{9BDFB9D2-87A2-4BDC-B246-F3FA1DEB91C9}.Release|Any CPU.Build.0 = Release|Any CPU
		{1BF02D34-5903-47AA-B6F9-C2E94CFD5F98}.Debug|Any CPU.ActiveCfg = Debug|Any CPU
		{1BF02D34-5903-47AA-B6F9-C2E94CFD5F98}.Debug|Any CPU.Build.0 = Debug|Any CPU
		{1BF02D34-5903-47AA-B6F9-C2E94CFD5F98}.Release|Any CPU.ActiveCfg = Release|Any CPU
		{1BF02D34-5903-47AA-B6F9-C2E94CFD5F98}.Release|Any CPU.Build.0 = Release|Any CPU
	EndGlobalSection
	GlobalSection(SolutionProperties) = preSolution
		HideSolutionNode = FALSE
	EndGlobalSection
	GlobalSection(NestedProjects) = preSolution
		{B0000537-2C50-4D7A-A1BC-B64C90C5F2C0} = {AB12C6F2-1B4B-460D-A9A7-AA8E4BAD078C}
		{5F5647B9-3FF9-4649-883F-92A8A2B2A949} = {AB12C6F2-1B4B-460D-A9A7-AA8E4BAD078C}
		{400E579A-5FFE-4ADD-A21A-A34FC6A179DD} = {AB12C6F2-1B4B-460D-A9A7-AA8E4BAD078C}
		{C2C5E6AB-99DF-48A5-8F74-352AC5226452} = {AB12C6F2-1B4B-460D-A9A7-AA8E4BAD078C}
		{FADFBC18-BDC7-4600-91ED-3A955964CEE8} = {AB12C6F2-1B4B-460D-A9A7-AA8E4BAD078C}
		{D3F96E33-F447-4F80-B0F5-7463432621CC} = {AB12C6F2-1B4B-460D-A9A7-AA8E4BAD078C}
		{26AB0B0D-75AD-4842-85B7-56063C2E09E9} = {65957719-FCC1-41E8-8418-A95F16E0D9C6}
		{35D671DB-5BD3-4E35-8CF0-BA73E7247B44} = {65957719-FCC1-41E8-8418-A95F16E0D9C6}
		{35C07C28-53B4-4E6E-BB7D-CF1F73D65885} = {65957719-FCC1-41E8-8418-A95F16E0D9C6}
		{776E8F15-2A24-401A-8CAB-BC8A56BE7CC3} = {65957719-FCC1-41E8-8418-A95F16E0D9C6}
		{ED13C193-065F-46EC-821D-D4C6A3C9C932} = {CE656AB4-F8A4-44C0-9F46-D47E1ECE4D21}
		{9BDFB9D2-87A2-4BDC-B246-F3FA1DEB91C9} = {CE656AB4-F8A4-44C0-9F46-D47E1ECE4D21}
		{1BF02D34-5903-47AA-B6F9-C2E94CFD5F98} = {04E5CDC4-3439-4E02-BA37-3F80E64B2D96}
	EndGlobalSection
	GlobalSection(ExtensibilityGlobals) = postSolution
		SolutionGuid = {91539986-64A0-45A1-8178-6E628FDCB7BD}
	EndGlobalSection
EndGlobal
